
Microsoft Visual Studio Solution File, Format Version 12.00
# Visual Studio Version 17
VisualStudioVersion = 17.3.32929.385
MinimumVisualStudioVersion = 10.0.40219.1
Project("{FAE04EC0-301F-11D3-BF4B-00C04F79EFBC}") = "Core", "Core\Core.csproj", "{802429BF-3958-4D54-B35A-D8680F05F71A}"
EndProject
Global
	GlobalSection(SolutionConfigurationPlatforms) = preSolution
		Debug|Any CPU = Debug|Any CPU
		Release|Any CPU = Release|Any CPU
	EndGlobalSection
	GlobalSection(ProjectConfigurationPlatforms) = postSolution
		{802429BF-3958-4D54-B35A-D8680F05F71A}.Debug|Any CPU.ActiveCfg = Debug|Any CPU
		{802429BF-3958-4D54-B35A-D8680F05F71A}.Debug|Any CPU.Build.0 = Debug|Any CPU
		{802429BF-3958-4D54-B35A-D8680F05F71A}.Release|Any CPU.ActiveCfg = Release|Any CPU
		{802429BF-3958-4D54-B35A-D8680F05F71A}.Release|Any CPU.Build.0 = Release|Any CPU
	EndGlobalSection
	GlobalSection(SolutionProperties) = preSolution
		HideSolutionNode = FALSE
	EndGlobalSection
	GlobalSection(ExtensibilityGlobals) = postSolution
		SolutionGuid = {237CCDF3-02B9-4202-8344-45BA09118B27}
	EndGlobalSection
EndGlobal
